
Microsoft Visual Studio Solution File, Format Version 12.00
# Visual Studio Version 17
VisualStudioVersion = 17.0.31903.59
MinimumVisualStudioVersion = 10.0.40219.1
Project("{2150E333-8FDC-42A3-9474-1A3956D46DE8}") = "src", "src", "{A5AF4E1C-263D-41F0-834F-1F0DC32E12D1}"
EndProject
Project("{2150E333-8FDC-42A3-9474-1A3956D46DE8}") = "Core", "Core", "{88FD04CF-06CE-462E-B169-5C36F6755EBE}"
EndProject
Project("{FAE04EC0-301F-11D3-BF4B-00C04F79EFBC}") = "ThreadPilot.Domain", "src\Core\ThreadPilot.Domain\ThreadPilot.Domain.csproj", "{77E14CBD-1063-41F9-88F9-F9288665C87C}"
EndProject
Project("{FAE04EC0-301F-11D3-BF4B-00C04F79EFBC}") = "ThreadPilot.Application", "src\Core\ThreadPilot.Application\ThreadPilot.Application.csproj", "{E02B12C3-8EB3-4A30-8F6E-CE5364AF138F}"
EndProject
Project("{2150E333-8FDC-42A3-9474-1A3956D46DE8}") = "Infrastructure", "Infrastructure", "{934A654E-9A91-43F7-9748-3AB72F7649BD}"
EndProject
Project("{FAE04EC0-301F-11D3-BF4B-00C04F79EFBC}") = "ThreadPilot.Infrastructure", "src\Infrastructure\ThreadPilot.Infrastructure\ThreadPilot.Infrastructure.csproj", "{55C6C1BE-69B8-46F2-BBB0-ABE7C281BC1D}"
EndProject
Project("{FAE04EC0-301F-11D3-BF4B-00C04F79EFBC}") = "ThreadPilot.Persistence", "src\Infrastructure\ThreadPilot.Persistence\ThreadPilot.Persistence.csproj", "{94E0B46D-1C0E-43B1-86D2-D8B08BCFAD9A}"
EndProject
Project("{2150E333-8FDC-42A3-9474-1A3956D46DE8}") = "API", "API", "{958EF6FA-12C2-45FC-9F77-F21DDBC90117}"
EndProject
Project("{FAE04EC0-301F-11D3-BF4B-00C04F79EFBC}") = "ThreadPilot.VehicleService.API", "src\API\ThreadPilot.VehicleService.API\ThreadPilot.VehicleService.API.csproj", "{603F178F-6A0F-40DA-A95F-64E04429131C}"
EndProject
Project("{FAE04EC0-301F-11D3-BF4B-00C04F79EFBC}") = "ThreadPilot.InsuranceService.API", "src\API\ThreadPilot.InsuranceService.API\ThreadPilot.InsuranceService.API.csproj", "{D05493C9-0E68-4FDC-BFEF-4B3EAB60CF58}"
EndProject
Project("{2150E333-8FDC-42A3-9474-1A3956D46DE8}") = "tests", "tests", "{9E784883-2208-4470-A8A8-EB19D2E10E33}"
EndProject
Project("{2150E333-8FDC-42A3-9474-1A3956D46DE8}") = "Core", "Core", "{9EC1DF96-D26D-44AE-97CC-D3706065A24C}"
EndProject
Project("{FAE04EC0-301F-11D3-BF4B-00C04F79EFBC}") = "ThreadPilot.Application.UnitTests", "tests\Core\ThreadPilot.Application.UnitTests\ThreadPilot.Application.UnitTests.csproj", "{74751807-E2B1-425B-B77B-234ED9502885}"
EndProject
Project("{2150E333-8FDC-42A3-9474-1A3956D46DE8}") = "API", "API", "{85B66034-3087-4DAF-A60D-C30BBB7196D4}"
EndProject
Project("{FAE04EC0-301F-11D3-BF4B-00C04F79EFBC}") = "ThreadPilot.API.IntegrationTests", "tests\API\ThreadPilot.API.IntegrationTests\ThreadPilot.API.IntegrationTests.csproj", "{0BB872B8-7912-4F5A-B7F5-ED31C6F5CAE1}"
EndProject
Global
	GlobalSection(SolutionConfigurationPlatforms) = preSolution
		Debug|Any CPU = Debug|Any CPU
		Release|Any CPU = Release|Any CPU
	EndGlobalSection
	GlobalSection(SolutionProperties) = preSolution
		HideSolutionNode = FALSE
	EndGlobalSection
	GlobalSection(ProjectConfigurationPlatforms) = postSolution
		{77E14CBD-1063-41F9-88F9-F9288665C87C}.Debug|Any CPU.ActiveCfg = Debug|Any CPU
		{77E14CBD-1063-41F9-88F9-F9288665C87C}.Debug|Any CPU.Build.0 = Debug|Any CPU
		{77E14CBD-1063-41F9-88F9-F9288665C87C}.Release|Any CPU.ActiveCfg = Release|Any CPU
		{77E14CBD-1063-41F9-88F9-F9288665C87C}.Release|Any CPU.Build.0 = Release|Any CPU
		{E02B12C3-8EB3-4A30-8F6E-CE5364AF138F}.Debug|Any CPU.ActiveCfg = Debug|Any CPU
		{E02B12C3-8EB3-4A30-8F6E-CE5364AF138F}.Debug|Any CPU.Build.0 = Debug|Any CPU
		{E02B12C3-8EB3-4A30-8F6E-CE5364AF138F}.Release|Any CPU.ActiveCfg = Release|Any CPU
		{E02B12C3-8EB3-4A30-8F6E-CE5364AF138F}.Release|Any CPU.Build.0 = Release|Any CPU
		{55C6C1BE-69B8-46F2-BBB0-ABE7C281BC1D}.Debug|Any CPU.ActiveCfg = Debug|Any CPU
		{55C6C1BE-69B8-46F2-BBB0-ABE7C281BC1D}.Debug|Any CPU.Build.0 = Debug|Any CPU
		{55C6C1BE-69B8-46F2-BBB0-ABE7C281BC1D}.Release|Any CPU.ActiveCfg = Release|Any CPU
		{55C6C1BE-69B8-46F2-BBB0-ABE7C281BC1D}.Release|Any CPU.Build.0 = Release|Any CPU
		{94E0B46D-1C0E-43B1-86D2-D8B08BCFAD9A}.Debug|Any CPU.ActiveCfg = Debug|Any CPU
		{94E0B46D-1C0E-43B1-86D2-D8B08BCFAD9A}.Debug|Any CPU.Build.0 = Debug|Any CPU
		{94E0B46D-1C0E-43B1-86D2-D8B08BCFAD9A}.Release|Any CPU.ActiveCfg = Release|Any CPU
		{94E0B46D-1C0E-43B1-86D2-D8B08BCFAD9A}.Release|Any CPU.Build.0 = Release|Any CPU
		{603F178F-6A0F-40DA-A95F-64E04429131C}.Debug|Any CPU.ActiveCfg = Debug|Any CPU
		{603F178F-6A0F-40DA-A95F-64E04429131C}.Debug|Any CPU.Build.0 = Debug|Any CPU
		{603F178F-6A0F-40DA-A95F-64E04429131C}.Release|Any CPU.ActiveCfg = Release|Any CPU
		{603F178F-6A0F-40DA-A95F-64E04429131C}.Release|Any CPU.Build.0 = Release|Any CPU
		{D05493C9-0E68-4FDC-BFEF-4B3EAB60CF58}.Debug|Any CPU.ActiveCfg = Debug|Any CPU
		{D05493C9-0E68-4FDC-BFEF-4B3EAB60CF58}.Debug|Any CPU.Build.0 = Debug|Any CPU
		{D05493C9-0E68-4FDC-BFEF-4B3EAB60CF58}.Release|Any CPU.ActiveCfg = Release|Any CPU
		{D05493C9-0E68-4FDC-BFEF-4B3EAB60CF58}.Release|Any CPU.Build.0 = Release|Any CPU
		{74751807-E2B1-425B-B77B-234ED9502885}.Debug|Any CPU.ActiveCfg = Debug|Any CPU
		{74751807-E2B1-425B-B77B-234ED9502885}.Debug|Any CPU.Build.0 = Debug|Any CPU
		{74751807-E2B1-425B-B77B-234ED9502885}.Release|Any CPU.ActiveCfg = Release|Any CPU
		{74751807-E2B1-425B-B77B-234ED9502885}.Release|Any CPU.Build.0 = Release|Any CPU
		{0BB872B8-7912-4F5A-B7F5-ED31C6F5CAE1}.Debug|Any CPU.ActiveCfg = Debug|Any CPU
		{0BB872B8-7912-4F5A-B7F5-ED31C6F5CAE1}.Debug|Any CPU.Build.0 = Debug|Any CPU
		{0BB872B8-7912-4F5A-B7F5-ED31C6F5CAE1}.Release|Any CPU.ActiveCfg = Release|Any CPU
		{0BB872B8-7912-4F5A-B7F5-ED31C6F5CAE1}.Release|Any CPU.Build.0 = Release|Any CPU
	EndGlobalSection
	GlobalSection(NestedProjects) = preSolution
		{88FD04CF-06CE-462E-B169-5C36F6755EBE} = {A5AF4E1C-263D-41F0-834F-1F0DC32E12D1}
		{77E14CBD-1063-41F9-88F9-F9288665C87C} = {88FD04CF-06CE-462E-B169-5C36F6755EBE}
		{E02B12C3-8EB3-4A30-8F6E-CE5364AF138F} = {88FD04CF-06CE-462E-B169-5C36F6755EBE}
		{934A654E-9A91-43F7-9748-3AB72F7649BD} = {A5AF4E1C-263D-41F0-834F-1F0DC32E12D1}
		{55C6C1BE-69B8-46F2-BBB0-ABE7C281BC1D} = {934A654E-9A91-43F7-9748-3AB72F7649BD}
		{94E0B46D-1C0E-43B1-86D2-D8B08BCFAD9A} = {934A654E-9A91-43F7-9748-3AB72F7649BD}
		{958EF6FA-12C2-45FC-9F77-F21DDBC90117} = {A5AF4E1C-263D-41F0-834F-1F0DC32E12D1}
		{603F178F-6A0F-40DA-A95F-64E04429131C} = {958EF6FA-12C2-45FC-9F77-F21DDBC90117}
		{D05493C9-0E68-4FDC-BFEF-4B3EAB60CF58} = {958EF6FA-12C2-45FC-9F77-F21DDBC90117}
		{9EC1DF96-D26D-44AE-97CC-D3706065A24C} = {9E784883-2208-4470-A8A8-EB19D2E10E33}
		{74751807-E2B1-425B-B77B-234ED9502885} = {9EC1DF96-D26D-44AE-97CC-D3706065A24C}
		{85B66034-3087-4DAF-A60D-C30BBB7196D4} = {9E784883-2208-4470-A8A8-EB19D2E10E33}
		{0BB872B8-7912-4F5A-B7F5-ED31C6F5CAE1} = {85B66034-3087-4DAF-A60D-C30BBB7196D4}
	EndGlobalSection
EndGlobal
